
Microsoft Visual Studio Solution File, Format Version 12.00
# Visual Studio Version 17
VisualStudioVersion = 17.14.36518.9
MinimumVisualStudioVersion = 10.0.40219.1
Project("{FAE04EC0-301F-11D3-BF4B-00C04F79EFBC}") = "Cafeshop.Module", "Cafeshop.Module\Cafeshop.Module.csproj", "{6B1ADFD3-B14B-C67B-6A21-E278EDE182C7}"
EndProject
Project("{FAE04EC0-301F-11D3-BF4B-00C04F79EFBC}") = "Cafeshop.Blazor.Server", "Cafeshop.Blazor.Server\Cafeshop.Blazor.Server.csproj", "{CA948BDA-FE6A-0A50-8069-020932F8975A}"
EndProject
Global
	GlobalSection(SolutionConfigurationPlatforms) = preSolution
		Debug|Any CPU = Debug|Any CPU
		EasyTest|Any CPU = EasyTest|Any CPU
		Release|Any CPU = Release|Any CPU
	EndGlobalSection
	GlobalSection(ProjectConfigurationPlatforms) = postSolution
		{6B1ADFD3-B14B-C67B-6A21-E278EDE182C7}.Debug|Any CPU.ActiveCfg = Debug|Any CPU
		{6B1ADFD3-B14B-C67B-6A21-E278EDE182C7}.Debug|Any CPU.Build.0 = Debug|Any CPU
		{6B1ADFD3-B14B-C67B-6A21-E278EDE182C7}.EasyTest|Any CPU.ActiveCfg = EasyTest|Any CPU
		{6B1ADFD3-B14B-C67B-6A21-E278EDE182C7}.EasyTest|Any CPU.Build.0 = EasyTest|Any CPU
		{6B1ADFD3-B14B-C67B-6A21-E278EDE182C7}.Release|Any CPU.ActiveCfg = Release|Any CPU
		{6B1ADFD3-B14B-C67B-6A21-E278EDE182C7}.Release|Any CPU.Build.0 = Release|Any CPU
		{CA948BDA-FE6A-0A50-8069-020932F8975A}.Debug|Any CPU.ActiveCfg = Debug|Any CPU
		{CA948BDA-FE6A-0A50-8069-020932F8975A}.Debug|Any CPU.Build.0 = Debug|Any CPU
		{CA948BDA-FE6A-0A50-8069-020932F8975A}.EasyTest|Any CPU.ActiveCfg = EasyTest|Any CPU
		{CA948BDA-FE6A-0A50-8069-020932F8975A}.EasyTest|Any CPU.Build.0 = EasyTest|Any CPU
		{CA948BDA-FE6A-0A50-8069-020932F8975A}.Release|Any CPU.ActiveCfg = Release|Any CPU
		{CA948BDA-FE6A-0A50-8069-020932F8975A}.Release|Any CPU.Build.0 = Release|Any CPU
	EndGlobalSection
	GlobalSection(SolutionProperties) = preSolution
		HideSolutionNode = FALSE
	EndGlobalSection
	GlobalSection(ExtensibilityGlobals) = postSolution
		SolutionGuid = {9672373E-652F-4998-88F0-6384353173AA}
	EndGlobalSection
EndGlobal
